
Microsoft Visual Studio Solution File, Format Version 12.00
# Visual Studio Version 17
VisualStudioVersion = 17.5.002.0
MinimumVisualStudioVersion = 10.0.40219.1
Project("{FAE04EC0-301F-11D3-BF4B-00C04F79EFBC}") = "TestObjects", "TestObjects\TestObjects.csproj", "{B6F07D54-B24A-42A7-B743-9432D462BD01}"
EndProject
Project("{FAE04EC0-301F-11D3-BF4B-00C04F79EFBC}") = "TestObjects.Tests", "TestObjects.Tests\TestObjects.Tests.csproj", "{2CB214FA-30A4-43D1-B5C6-7567C44D3529}"
EndProject
Global
	GlobalSection(SolutionConfigurationPlatforms) = preSolution
		Debug|Any CPU = Debug|Any CPU
		Release|Any CPU = Release|Any CPU
	EndGlobalSection
	GlobalSection(ProjectConfigurationPlatforms) = postSolution
		{B6F07D54-B24A-42A7-B743-9432D462BD01}.Debug|Any CPU.ActiveCfg = Debug|Any CPU
		{B6F07D54-B24A-42A7-B743-9432D462BD01}.Debug|Any CPU.Build.0 = Debug|Any CPU
		{B6F07D54-B24A-42A7-B743-9432D462BD01}.Release|Any CPU.ActiveCfg = Release|Any CPU
		{B6F07D54-B24A-42A7-B743-9432D462BD01}.Release|Any CPU.Build.0 = Release|Any CPU
		{2CB214FA-30A4-43D1-B5C6-7567C44D3529}.Debug|Any CPU.ActiveCfg = Debug|Any CPU
		{2CB214FA-30A4-43D1-B5C6-7567C44D3529}.Debug|Any CPU.Build.0 = Debug|Any CPU
		{2CB214FA-30A4-43D1-B5C6-7567C44D3529}.Release|Any CPU.ActiveCfg = Release|Any CPU
		{2CB214FA-30A4-43D1-B5C6-7567C44D3529}.Release|Any CPU.Build.0 = Release|Any CPU
	EndGlobalSection
	GlobalSection(SolutionProperties) = preSolution
		HideSolutionNode = FALSE
	EndGlobalSection
	GlobalSection(ExtensibilityGlobals) = postSolution
		SolutionGuid = {5C0F175B-7E0E-4305-81BD-CE00A50EA0D0}
	EndGlobalSection
EndGlobal
